
Microsoft Visual Studio Solution File, Format Version 12.00
# Visual Studio Version 16
VisualStudioVersion = 16.0.29926.136
MinimumVisualStudioVersion = 10.0.40219.1
Project("{FAE04EC0-301F-11D3-BF4B-00C04F79EFBC}") = "Framework", "Framework\Framework.csproj", "{27A0BEB9-8230-4308-8E6B-BF3AF67E335B}"
EndProject
Project("{FAE04EC0-301F-11D3-BF4B-00C04F79EFBC}") = "PitchApplication", "PitchApplication\PitchApplication.csproj", "{56C321AD-5C42-45ED-9492-1D5FA7C687C2}"
EndProject
Project("{FAE04EC0-301F-11D3-BF4B-00C04F79EFBC}") = "PitchUndergroundApplication", "PitchUndergroundApplication\PitchUndergroundApplication.csproj", "{BB7C5F8D-E2D4-4A00-B9A2-B9BD65C27EB3}"
EndProject
Project("{FAE04EC0-301F-11D3-BF4B-00C04F79EFBC}") = "PitchSkyApplication", "PitchSkyApplication\PitchSkyApplication.csproj", "{4932E2CA-B7B7-4679-9944-7F192118AACD}"
EndProject
Global
	GlobalSection(SolutionConfigurationPlatforms) = preSolution
		Debug|Any CPU = Debug|Any CPU
		Release|Any CPU = Release|Any CPU
	EndGlobalSection
	GlobalSection(ProjectConfigurationPlatforms) = postSolution
		{27A0BEB9-8230-4308-8E6B-BF3AF67E335B}.Debug|Any CPU.ActiveCfg = Debug|Any CPU
		{27A0BEB9-8230-4308-8E6B-BF3AF67E335B}.Debug|Any CPU.Build.0 = Debug|Any CPU
		{27A0BEB9-8230-4308-8E6B-BF3AF67E335B}.Release|Any CPU.ActiveCfg = Release|Any CPU
		{27A0BEB9-8230-4308-8E6B-BF3AF67E335B}.Release|Any CPU.Build.0 = Release|Any CPU
		{56C321AD-5C42-45ED-9492-1D5FA7C687C2}.Debug|Any CPU.ActiveCfg = Debug|Any CPU
		{56C321AD-5C42-45ED-9492-1D5FA7C687C2}.Debug|Any CPU.Build.0 = Debug|Any CPU
		{56C321AD-5C42-45ED-9492-1D5FA7C687C2}.Release|Any CPU.ActiveCfg = Release|Any CPU
		{56C321AD-5C42-45ED-9492-1D5FA7C687C2}.Release|Any CPU.Build.0 = Release|Any CPU
		{BB7C5F8D-E2D4-4A00-B9A2-B9BD65C27EB3}.Debug|Any CPU.ActiveCfg = Debug|Any CPU
		{BB7C5F8D-E2D4-4A00-B9A2-B9BD65C27EB3}.Debug|Any CPU.Build.0 = Debug|Any CPU
		{BB7C5F8D-E2D4-4A00-B9A2-B9BD65C27EB3}.Release|Any CPU.ActiveCfg = Release|Any CPU
		{BB7C5F8D-E2D4-4A00-B9A2-B9BD65C27EB3}.Release|Any CPU.Build.0 = Release|Any CPU
		{4932E2CA-B7B7-4679-9944-7F192118AACD}.Debug|Any CPU.ActiveCfg = Debug|Any CPU
		{4932E2CA-B7B7-4679-9944-7F192118AACD}.Debug|Any CPU.Build.0 = Debug|Any CPU
		{4932E2CA-B7B7-4679-9944-7F192118AACD}.Release|Any CPU.ActiveCfg = Release|Any CPU
		{4932E2CA-B7B7-4679-9944-7F192118AACD}.Release|Any CPU.Build.0 = Release|Any CPU
	EndGlobalSection
	GlobalSection(SolutionProperties) = preSolution
		HideSolutionNode = FALSE
	EndGlobalSection
	GlobalSection(ExtensibilityGlobals) = postSolution
		SolutionGuid = {DBDF1CE1-9B06-468A-9D7B-7E92A6F237C0}
	EndGlobalSection
EndGlobal
